
Microsoft Visual Studio Solution File, Format Version 12.00
# Visual Studio Version 16
VisualStudioVersion = 16.0.31702.278
MinimumVisualStudioVersion = 10.0.40219.1
Project("{FAE04EC0-301F-11D3-BF4B-00C04F79EFBC}") = "ReactiveExample", "ReactiveExample\ReactiveExample.csproj", "{252D1772-C47F-42A3-A1AE-5E5D9FFAB1CD}"
EndProject
Global
	GlobalSection(SolutionConfigurationPlatforms) = preSolution
		Debug|Any CPU = Debug|Any CPU
		Release|Any CPU = Release|Any CPU
	EndGlobalSection
	GlobalSection(ProjectConfigurationPlatforms) = postSolution
		{252D1772-C47F-42A3-A1AE-5E5D9FFAB1CD}.Debug|Any CPU.ActiveCfg = Debug|Any CPU
		{252D1772-C47F-42A3-A1AE-5E5D9FFAB1CD}.Debug|Any CPU.Build.0 = Debug|Any CPU
		{252D1772-C47F-42A3-A1AE-5E5D9FFAB1CD}.Release|Any CPU.ActiveCfg = Release|Any CPU
		{252D1772-C47F-42A3-A1AE-5E5D9FFAB1CD}.Release|Any CPU.Build.0 = Release|Any CPU
	EndGlobalSection
	GlobalSection(SolutionProperties) = preSolution
		HideSolutionNode = FALSE
	EndGlobalSection
	GlobalSection(ExtensibilityGlobals) = postSolution
		SolutionGuid = {7C207919-8195-4AD5-BE4F-56ECD827D127}
	EndGlobalSection
EndGlobal
